<?xml version="1.0" encoding="utf-8"?>
<Project ToolsVersion="4.0" xmlns="http://schemas.microsoft.com/developer/msbuild/2003">
  <ItemGroup>
    <Filter Include="Source Files">
      <UniqueIdentifier>{4FC737F1-C7A5-4376-A066-2A32D752A2FF}</UniqueIdentifier>
      <Extensions>cpp;c;cc;cxx;c++;cppm;ixx;def;odl;idl;hpj;bat;asm;asmx</Extensions>
    </Filter>
    <Filter Include="Header Files">
      <UniqueIdentifier>{93995380-89BD-4b04-88EB-625FBE52EBFB}</UniqueIdentifier>
      <Extensions>h;hh;hpp;hxx;h++;hm;inl;inc;ipp;xsd</Extensions>
    </Filter>
    <Filter Include="Resource Files">
      <UniqueIdentifier>{67DA6AB6-F800-4c08-8B7A-83BB121AAD01}</UniqueIdentifier>
      <Extensions>rc;ico;cur;bmp;dlg;rc2;rct;bin;rgs;gif;jpg;jpeg;jpe;resx;tiff;tif;png;wav;mfcribbon-ms</Extensions>
    </Filter>
    <Filter Include="Source Files\EasyProblems">
      <UniqueIdentifier>{03b71287-735c-4f64-9a6e-168523cfe7c9}</UniqueIdentifier>
    </Filter>
    <Filter Include="Source Files\MediumProblems">
      <UniqueIdentifier>{f161c36b-4550-4200-a84c-c35960b59bbb}</UniqueIdentifier>
    </Filter>
    <Filter Include="Source Files\DataStructures">
      <UniqueIdentifier>{2368d69c-9e95-498b-a990-16723c36b270}</UniqueIdentifier>
    </Filter>
    <Filter Include="Source Files\DataStructures\LinkedList">
      <UniqueIdentifier>{df19e3df-49ef-4569-acec-eb1eeea97242}</UniqueIdentifier>
    </Filter>
  </ItemGroup>
  <ItemGroup>
    <ClCompile Include="Algorithms.cpp">
      <Filter>Source Files</Filter>
    </ClCompile>
    <ClCompile Include="1_TwoSum.cpp">
      <Filter>Source Files\EasyProblems</Filter>
    </ClCompile>
    <ClCompile Include="9_PalindromeNumber.cpp">
      <Filter>Source Files\EasyProblems</Filter>
    </ClCompile>
    <ClCompile Include="2_AddTwoNumbers.cpp">
      <Filter>Source Files\MediumProblems</Filter>
    </ClCompile>
    <ClCompile Include="Node.cpp">
      <Filter>Source Files\DataStructures\LinkedList</Filter>
    </ClCompile>
    <ClCompile Include="LinkedList.cpp">
      <Filter>Source Files\DataStructures\LinkedList</Filter>
    </ClCompile>
  </ItemGroup>
  <ItemGroup>
    <ClInclude Include="Easy.h">
      <Filter>Header Files</Filter>
    </ClInclude>
    <ClInclude Include="Node.h">
      <Filter>Header Files</Filter>
    </ClInclude>
    <ClInclude Include="Medium.h">
      <Filter>Header Files</Filter>
    </ClInclude>
    <ClInclude Include="LinkedList.h">
      <Filter>Header Files</Filter>
    </ClInclude>
  </ItemGroup>
</Project>